
Microsoft Visual Studio Solution File, Format Version 12.00
# Visual Studio Version 17
VisualStudioVersion = 17.9.34714.143
MinimumVisualStudioVersion = 10.0.40219.1
Project("{FAE04EC0-301F-11D3-BF4B-00C04F79EFBC}") = "FlashQuizz", "FlashQuizz\FlashQuizz.csproj", "{752B2F7C-3706-4CDA-B4A0-016FC0616E0B}"
EndProject
Global
	GlobalSection(SolutionConfigurationPlatforms) = preSolution
		Debug|Any CPU = Debug|Any CPU
		Release|Any CPU = Release|Any CPU
	EndGlobalSection
	GlobalSection(ProjectConfigurationPlatforms) = postSolution
		{752B2F7C-3706-4CDA-B4A0-016FC0616E0B}.Debug|Any CPU.ActiveCfg = Debug|Any CPU
		{752B2F7C-3706-4CDA-B4A0-016FC0616E0B}.Debug|Any CPU.Build.0 = Debug|Any CPU
		{752B2F7C-3706-4CDA-B4A0-016FC0616E0B}.Debug|Any CPU.Deploy.0 = Debug|Any CPU
		{752B2F7C-3706-4CDA-B4A0-016FC0616E0B}.Release|Any CPU.ActiveCfg = Release|Any CPU
		{752B2F7C-3706-4CDA-B4A0-016FC0616E0B}.Release|Any CPU.Build.0 = Release|Any CPU
		{752B2F7C-3706-4CDA-B4A0-016FC0616E0B}.Release|Any CPU.Deploy.0 = Release|Any CPU
	EndGlobalSection
	GlobalSection(SolutionProperties) = preSolution
		HideSolutionNode = FALSE
	EndGlobalSection
	GlobalSection(ExtensibilityGlobals) = postSolution
		SolutionGuid = {243F77A1-9832-4F92-9988-D1DDDAC428C9}
	EndGlobalSection
EndGlobal
